
Microsoft Visual Studio Solution File, Format Version 12.00
# Visual Studio 15
VisualStudioVersion = 15.0.26430.16
MinimumVisualStudioVersion = 10.0.40219.1
Project("{FAE04EC0-301F-11D3-BF4B-00C04F79EFBC}") = "PoolScoreboard.Application", "PoolScoreboard.Application\PoolScoreboard.Application.csproj", "{10729F02-E09A-4EAB-AF03-9DE7BAE45C5A}"
EndProject
Project("{FAE04EC0-301F-11D3-BF4B-00C04F79EFBC}") = "PoolScoreboard.Tests", "PoolScoreboard.Tests\PoolScoreboard.Tests.csproj", "{E9B653B0-A8CB-4FD4-AD2D-EE164C727FDF}"
EndProject
Project("{FAE04EC0-301F-11D3-BF4B-00C04F79EFBC}") = "PoolScoreboard.Common", "PoolScoreboard.Common\PoolScoreboard.Common.csproj", "{62F7584B-810B-4B5F-AD6B-EC16466464D9}"
EndProject
Project("{FAE04EC0-301F-11D3-BF4B-00C04F79EFBC}") = "PoolScoreboard.Services", "PoolScoreboard.Services\PoolScoreboard.Services.csproj", "{067930B9-60D2-486B-BE24-FE773AAE66E2}"
EndProject
Global
	GlobalSection(SolutionConfigurationPlatforms) = preSolution
		Debug|Any CPU = Debug|Any CPU
		Release|Any CPU = Release|Any CPU
	EndGlobalSection
	GlobalSection(ProjectConfigurationPlatforms) = postSolution
		{10729F02-E09A-4EAB-AF03-9DE7BAE45C5A}.Debug|Any CPU.ActiveCfg = Debug|Any CPU
		{10729F02-E09A-4EAB-AF03-9DE7BAE45C5A}.Debug|Any CPU.Build.0 = Debug|Any CPU
		{10729F02-E09A-4EAB-AF03-9DE7BAE45C5A}.Release|Any CPU.ActiveCfg = Release|Any CPU
		{10729F02-E09A-4EAB-AF03-9DE7BAE45C5A}.Release|Any CPU.Build.0 = Release|Any CPU
		{E9B653B0-A8CB-4FD4-AD2D-EE164C727FDF}.Debug|Any CPU.ActiveCfg = Debug|Any CPU
		{E9B653B0-A8CB-4FD4-AD2D-EE164C727FDF}.Debug|Any CPU.Build.0 = Debug|Any CPU
		{E9B653B0-A8CB-4FD4-AD2D-EE164C727FDF}.Release|Any CPU.ActiveCfg = Release|Any CPU
		{E9B653B0-A8CB-4FD4-AD2D-EE164C727FDF}.Release|Any CPU.Build.0 = Release|Any CPU
		{62F7584B-810B-4B5F-AD6B-EC16466464D9}.Debug|Any CPU.ActiveCfg = Debug|Any CPU
		{62F7584B-810B-4B5F-AD6B-EC16466464D9}.Debug|Any CPU.Build.0 = Debug|Any CPU
		{62F7584B-810B-4B5F-AD6B-EC16466464D9}.Release|Any CPU.ActiveCfg = Release|Any CPU
		{62F7584B-810B-4B5F-AD6B-EC16466464D9}.Release|Any CPU.Build.0 = Release|Any CPU
		{067930B9-60D2-486B-BE24-FE773AAE66E2}.Debug|Any CPU.ActiveCfg = Debug|Any CPU
		{067930B9-60D2-486B-BE24-FE773AAE66E2}.Debug|Any CPU.Build.0 = Debug|Any CPU
		{067930B9-60D2-486B-BE24-FE773AAE66E2}.Release|Any CPU.ActiveCfg = Release|Any CPU
		{067930B9-60D2-486B-BE24-FE773AAE66E2}.Release|Any CPU.Build.0 = Release|Any CPU
	EndGlobalSection
	GlobalSection(SolutionProperties) = preSolution
		HideSolutionNode = FALSE
	EndGlobalSection
EndGlobal
